
Microsoft Visual Studio Solution File, Format Version 12.00
# Visual Studio Version 17
VisualStudioVersion = 17.9.34622.214
MinimumVisualStudioVersion = 10.0.40219.1
Project("{FAE04EC0-301F-11D3-BF4B-00C04F79EFBC}") = "PortfolioProject", "PortfolioProject\PortfolioProject.csproj", "{3AB01D1D-2E03-46D0-BA3E-FBFC2A020B19}"
EndProject
Global
	GlobalSection(SolutionConfigurationPlatforms) = preSolution
		Debug|Any CPU = Debug|Any CPU
		Release|Any CPU = Release|Any CPU
	EndGlobalSection
	GlobalSection(ProjectConfigurationPlatforms) = postSolution
		{3AB01D1D-2E03-46D0-BA3E-FBFC2A020B19}.Debug|Any CPU.ActiveCfg = Debug|Any CPU
		{3AB01D1D-2E03-46D0-BA3E-FBFC2A020B19}.Debug|Any CPU.Build.0 = Debug|Any CPU
		{3AB01D1D-2E03-46D0-BA3E-FBFC2A020B19}.Release|Any CPU.ActiveCfg = Release|Any CPU
		{3AB01D1D-2E03-46D0-BA3E-FBFC2A020B19}.Release|Any CPU.Build.0 = Release|Any CPU
	EndGlobalSection
	GlobalSection(SolutionProperties) = preSolution
		HideSolutionNode = FALSE
	EndGlobalSection
	GlobalSection(ExtensibilityGlobals) = postSolution
		SolutionGuid = {4D501793-9174-4530-A331-A7565205EF2D}
	EndGlobalSection
EndGlobal
